
Microsoft Visual Studio Solution File, Format Version 12.00
# Visual Studio Express 2012 for Windows Desktop
Project("{8BC9CEB8-8B4A-11D0-8D11-00A0C91BC942}") = "Project2 - Observer Pattern", "Project2 - Observer Pattern\Project2 - Observer Pattern.vcxproj", "{145FE4CA-3D4F-41FA-A8CC-B83D39007D78}"
EndProject
Project("{8BC9CEB8-8B4A-11D0-8D11-00A0C91BC942}") = "Project1 - Strategy Pattern", "Project1 - Strategy Pattern\Project1.vcxproj", "{2B9CF010-61DE-44CE-9FD9-8D28948F677D}"
EndProject
Project("{8BC9CEB8-8B4A-11D0-8D11-00A0C91BC942}") = "Project3 - Decorator Pattern", "Project3 - Decorator Pattern\Project3 - Decorator Pattern.vcxproj", "{54A31804-C2E7-4FE9-8885-3D915F0E22FE}"
EndProject
Project("{8BC9CEB8-8B4A-11D0-8D11-00A0C91BC942}") = "Project4 - Factory Pattern", "Project4 - Factory Pattern\Project4 - Factory Pattern.vcxproj", "{06224A7A-EA0D-4A68-8326-92C0727721C1}"
EndProject
Project("{8BC9CEB8-8B4A-11D0-8D11-00A0C91BC942}") = "Project5 - Command Pattern", "Project5 - Command Pattern\Project5 - Command Pattern.vcxproj", "{0DBBD757-4C9E-47EC-8BA5-7A4564029EA0}"
EndProject
Project("{8BC9CEB8-8B4A-11D0-8D11-00A0C91BC942}") = "Project6 - Adapter Pattern", "Project6 - Adapter Pattern\Project6 - Adapter Pattern.vcxproj", "{FD6BED80-6F4E-4549-A00A-0FA2584DA651}"
EndProject
Project("{8BC9CEB8-8B4A-11D0-8D11-00A0C91BC942}") = "Final Project", "Final Project\Final Project.vcxproj", "{F10C9E58-D763-4326-A075-49567E717B7B}"
EndProject
Global
	GlobalSection(SolutionConfigurationPlatforms) = preSolution
		Debug|Win32 = Debug|Win32
		Release|Win32 = Release|Win32
	EndGlobalSection
	GlobalSection(ProjectConfigurationPlatforms) = postSolution
		{145FE4CA-3D4F-41FA-A8CC-B83D39007D78}.Debug|Win32.ActiveCfg = Debug|Win32
		{145FE4CA-3D4F-41FA-A8CC-B83D39007D78}.Debug|Win32.Build.0 = Debug|Win32
		{145FE4CA-3D4F-41FA-A8CC-B83D39007D78}.Release|Win32.ActiveCfg = Release|Win32
		{145FE4CA-3D4F-41FA-A8CC-B83D39007D78}.Release|Win32.Build.0 = Release|Win32
		{2B9CF010-61DE-44CE-9FD9-8D28948F677D}.Debug|Win32.ActiveCfg = Debug|Win32
		{2B9CF010-61DE-44CE-9FD9-8D28948F677D}.Debug|Win32.Build.0 = Debug|Win32
		{2B9CF010-61DE-44CE-9FD9-8D28948F677D}.Release|Win32.ActiveCfg = Release|Win32
		{2B9CF010-61DE-44CE-9FD9-8D28948F677D}.Release|Win32.Build.0 = Release|Win32
		{54A31804-C2E7-4FE9-8885-3D915F0E22FE}.Debug|Win32.ActiveCfg = Debug|Win32
		{54A31804-C2E7-4FE9-8885-3D915F0E22FE}.Debug|Win32.Build.0 = Debug|Win32
		{54A31804-C2E7-4FE9-8885-3D915F0E22FE}.Release|Win32.ActiveCfg = Release|Win32
		{54A31804-C2E7-4FE9-8885-3D915F0E22FE}.Release|Win32.Build.0 = Release|Win32
		{06224A7A-EA0D-4A68-8326-92C0727721C1}.Debug|Win32.ActiveCfg = Debug|Win32
		{06224A7A-EA0D-4A68-8326-92C0727721C1}.Debug|Win32.Build.0 = Debug|Win32
		{06224A7A-EA0D-4A68-8326-92C0727721C1}.Release|Win32.ActiveCfg = Release|Win32
		{06224A7A-EA0D-4A68-8326-92C0727721C1}.Release|Win32.Build.0 = Release|Win32
		{0DBBD757-4C9E-47EC-8BA5-7A4564029EA0}.Debug|Win32.ActiveCfg = Debug|Win32
		{0DBBD757-4C9E-47EC-8BA5-7A4564029EA0}.Debug|Win32.Build.0 = Debug|Win32
		{0DBBD757-4C9E-47EC-8BA5-7A4564029EA0}.Release|Win32.ActiveCfg = Release|Win32
		{0DBBD757-4C9E-47EC-8BA5-7A4564029EA0}.Release|Win32.Build.0 = Release|Win32
		{FD6BED80-6F4E-4549-A00A-0FA2584DA651}.Debug|Win32.ActiveCfg = Debug|Win32
		{FD6BED80-6F4E-4549-A00A-0FA2584DA651}.Debug|Win32.Build.0 = Debug|Win32
		{FD6BED80-6F4E-4549-A00A-0FA2584DA651}.Release|Win32.ActiveCfg = Release|Win32
		{FD6BED80-6F4E-4549-A00A-0FA2584DA651}.Release|Win32.Build.0 = Release|Win32
		{F10C9E58-D763-4326-A075-49567E717B7B}.Debug|Win32.ActiveCfg = Debug|Win32
		{F10C9E58-D763-4326-A075-49567E717B7B}.Debug|Win32.Build.0 = Debug|Win32
		{F10C9E58-D763-4326-A075-49567E717B7B}.Release|Win32.ActiveCfg = Release|Win32
		{F10C9E58-D763-4326-A075-49567E717B7B}.Release|Win32.Build.0 = Release|Win32
	EndGlobalSection
	GlobalSection(SolutionProperties) = preSolution
		HideSolutionNode = FALSE
	EndGlobalSection
EndGlobal
